
Microsoft Visual Studio Solution File, Format Version 12.00
# Visual Studio 14
VisualStudioVersion = 14.0.25420.1
MinimumVisualStudioVersion = 10.0.40219.1
Project("{FAE04EC0-301F-11D3-BF4B-00C04F79EFBC}") = "TeduShop.Model", "TeduShop.Model\TeduShop.Model.csproj", "{B11B468C-71F5-4DF4-B715-38B51E6D3ECF}"
EndProject
Project("{FAE04EC0-301F-11D3-BF4B-00C04F79EFBC}") = "TeduShop.Service", "TeduShop.Service\TeduShop.Service.csproj", "{BB579C40-7D4D-4A9E-AD4B-242C22A20843}"
EndProject
Project("{FAE04EC0-301F-11D3-BF4B-00C04F79EFBC}") = "TeduShop.Web", "TeduShop.Web\TeduShop.Web.csproj", "{724EDA54-49DC-4DE8-9A77-368D0C8ECAFE}"
EndProject
Project("{FAE04EC0-301F-11D3-BF4B-00C04F79EFBC}") = "TeduShop.UnitTest", "TeduShop.UnitTest\TeduShop.UnitTest.csproj", "{744931CD-E97A-4EC6-A692-10325CBCD9AA}"
EndProject
Project("{FAE04EC0-301F-11D3-BF4B-00C04F79EFBC}") = "Tedu.Common", "Tedu.Common\Tedu.Common.csproj", "{37B83E82-09D6-4CEB-BA92-9ED3EDE3F590}"
EndProject
Project("{FAE04EC0-301F-11D3-BF4B-00C04F79EFBC}") = "TeduShop.Data", "TeduShop.Data\TeduShop.Data.csproj", "{7E8D36AD-2201-4D37-AEFF-2DE442E2154F}"
EndProject
Global
	GlobalSection(SolutionConfigurationPlatforms) = preSolution
		Debug|Any CPU = Debug|Any CPU
		Release|Any CPU = Release|Any CPU
	EndGlobalSection
	GlobalSection(ProjectConfigurationPlatforms) = postSolution
		{B11B468C-71F5-4DF4-B715-38B51E6D3ECF}.Debug|Any CPU.ActiveCfg = Debug|Any CPU
		{B11B468C-71F5-4DF4-B715-38B51E6D3ECF}.Debug|Any CPU.Build.0 = Debug|Any CPU
		{B11B468C-71F5-4DF4-B715-38B51E6D3ECF}.Release|Any CPU.ActiveCfg = Release|Any CPU
		{B11B468C-71F5-4DF4-B715-38B51E6D3ECF}.Release|Any CPU.Build.0 = Release|Any CPU
		{BB579C40-7D4D-4A9E-AD4B-242C22A20843}.Debug|Any CPU.ActiveCfg = Debug|Any CPU
		{BB579C40-7D4D-4A9E-AD4B-242C22A20843}.Debug|Any CPU.Build.0 = Debug|Any CPU
		{BB579C40-7D4D-4A9E-AD4B-242C22A20843}.Release|Any CPU.ActiveCfg = Release|Any CPU
		{BB579C40-7D4D-4A9E-AD4B-242C22A20843}.Release|Any CPU.Build.0 = Release|Any CPU
		{724EDA54-49DC-4DE8-9A77-368D0C8ECAFE}.Debug|Any CPU.ActiveCfg = Debug|Any CPU
		{724EDA54-49DC-4DE8-9A77-368D0C8ECAFE}.Debug|Any CPU.Build.0 = Debug|Any CPU
		{724EDA54-49DC-4DE8-9A77-368D0C8ECAFE}.Release|Any CPU.ActiveCfg = Release|Any CPU
		{724EDA54-49DC-4DE8-9A77-368D0C8ECAFE}.Release|Any CPU.Build.0 = Release|Any CPU
		{744931CD-E97A-4EC6-A692-10325CBCD9AA}.Debug|Any CPU.ActiveCfg = Debug|Any CPU
		{744931CD-E97A-4EC6-A692-10325CBCD9AA}.Debug|Any CPU.Build.0 = Debug|Any CPU
		{744931CD-E97A-4EC6-A692-10325CBCD9AA}.Release|Any CPU.ActiveCfg = Release|Any CPU
		{744931CD-E97A-4EC6-A692-10325CBCD9AA}.Release|Any CPU.Build.0 = Release|Any CPU
		{37B83E82-09D6-4CEB-BA92-9ED3EDE3F590}.Debug|Any CPU.ActiveCfg = Debug|Any CPU
		{37B83E82-09D6-4CEB-BA92-9ED3EDE3F590}.Debug|Any CPU.Build.0 = Debug|Any CPU
		{37B83E82-09D6-4CEB-BA92-9ED3EDE3F590}.Release|Any CPU.ActiveCfg = Release|Any CPU
		{37B83E82-09D6-4CEB-BA92-9ED3EDE3F590}.Release|Any CPU.Build.0 = Release|Any CPU
		{7E8D36AD-2201-4D37-AEFF-2DE442E2154F}.Debug|Any CPU.ActiveCfg = Debug|Any CPU
		{7E8D36AD-2201-4D37-AEFF-2DE442E2154F}.Debug|Any CPU.Build.0 = Debug|Any CPU
		{7E8D36AD-2201-4D37-AEFF-2DE442E2154F}.Release|Any CPU.ActiveCfg = Release|Any CPU
		{7E8D36AD-2201-4D37-AEFF-2DE442E2154F}.Release|Any CPU.Build.0 = Release|Any CPU
	EndGlobalSection
	GlobalSection(SolutionProperties) = preSolution
		HideSolutionNode = FALSE
	EndGlobalSection
EndGlobal
